
Microsoft Visual Studio Solution File, Format Version 12.00
# Visual Studio Version 16
VisualStudioVersion = 16.0.31321.278
MinimumVisualStudioVersion = 10.0.40219.1
Project("{9A19103F-16F7-4668-BE54-9A1E7A4F7556}") = "Wolfberry.TelldusLive", "Wolfberry.TelldusLive\Wolfberry.TelldusLive.csproj", "{241E511E-2F2F-4910-98FB-B07F83FEC289}"
EndProject
Project("{9A19103F-16F7-4668-BE54-9A1E7A4F7556}") = "ApiTest", "ApiMonitor\ApiTest.csproj", "{EFE03B96-496F-4AAE-B2B8-A5BDCDD80DF9}"
EndProject
Global
	GlobalSection(SolutionConfigurationPlatforms) = preSolution
		Debug|Any CPU = Debug|Any CPU
		Release|Any CPU = Release|Any CPU
	EndGlobalSection
	GlobalSection(ProjectConfigurationPlatforms) = postSolution
		{241E511E-2F2F-4910-98FB-B07F83FEC289}.Debug|Any CPU.ActiveCfg = Debug|Any CPU
		{241E511E-2F2F-4910-98FB-B07F83FEC289}.Debug|Any CPU.Build.0 = Debug|Any CPU
		{241E511E-2F2F-4910-98FB-B07F83FEC289}.Release|Any CPU.ActiveCfg = Release|Any CPU
		{241E511E-2F2F-4910-98FB-B07F83FEC289}.Release|Any CPU.Build.0 = Release|Any CPU
		{EFE03B96-496F-4AAE-B2B8-A5BDCDD80DF9}.Debug|Any CPU.ActiveCfg = Debug|Any CPU
		{EFE03B96-496F-4AAE-B2B8-A5BDCDD80DF9}.Debug|Any CPU.Build.0 = Debug|Any CPU
		{EFE03B96-496F-4AAE-B2B8-A5BDCDD80DF9}.Release|Any CPU.ActiveCfg = Release|Any CPU
		{EFE03B96-496F-4AAE-B2B8-A5BDCDD80DF9}.Release|Any CPU.Build.0 = Release|Any CPU
	EndGlobalSection
	GlobalSection(SolutionProperties) = preSolution
		HideSolutionNode = FALSE
	EndGlobalSection
	GlobalSection(ExtensibilityGlobals) = postSolution
		SolutionGuid = {C29C57DD-BB1F-41D7-8A70-FF0A9CD8C3C7}
	EndGlobalSection
EndGlobal
